
Microsoft Visual Studio Solution File, Format Version 11.00
# Visual Studio 2010
Project("{FAE04EC0-301F-11D3-BF4B-00C04F79EFBC}") = "Jailbird Blues", "Assembly-CSharp.csproj", "{01CBFEE8-2852-67CD-9FE9-AD817BAD8173}"
EndProject
Project("{FAE04EC0-301F-11D3-BF4B-00C04F79EFBC}") = "Jailbird Blues", "Assembly-CSharp-Editor.csproj", "{A86CC56A-D207-87B6-13E7-9FB8DA1D99B5}"
EndProject
Global
	GlobalSection(SolutionConfigurationPlatforms) = preSolution
		Debug|Any CPU = Debug|Any CPU
		Release|Any CPU = Release|Any CPU
	EndGlobalSection
	GlobalSection(ProjectConfigurationPlatforms) = postSolution
		{01CBFEE8-2852-67CD-9FE9-AD817BAD8173}.Debug|Any CPU.ActiveCfg = Debug|Any CPU
		{01CBFEE8-2852-67CD-9FE9-AD817BAD8173}.Debug|Any CPU.Build.0 = Debug|Any CPU
		{01CBFEE8-2852-67CD-9FE9-AD817BAD8173}.Release|Any CPU.ActiveCfg = Release|Any CPU
		{01CBFEE8-2852-67CD-9FE9-AD817BAD8173}.Release|Any CPU.Build.0 = Release|Any CPU
		{A86CC56A-D207-87B6-13E7-9FB8DA1D99B5}.Debug|Any CPU.ActiveCfg = Debug|Any CPU
		{A86CC56A-D207-87B6-13E7-9FB8DA1D99B5}.Debug|Any CPU.Build.0 = Debug|Any CPU
		{A86CC56A-D207-87B6-13E7-9FB8DA1D99B5}.Release|Any CPU.ActiveCfg = Release|Any CPU
		{A86CC56A-D207-87B6-13E7-9FB8DA1D99B5}.Release|Any CPU.Build.0 = Release|Any CPU
	EndGlobalSection
	GlobalSection(SolutionProperties) = preSolution
		HideSolutionNode = FALSE
	EndGlobalSection
	GlobalSection(MonoDevelopProperties) = preSolution
		StartupItem = Assembly-CSharp.csproj
	EndGlobalSection
EndGlobal
